
Microsoft Visual Studio Solution File, Format Version 12.00
# Visual Studio Version 16
VisualStudioVersion = 16.0.30907.101
MinimumVisualStudioVersion = 10.0.40219.1
Project("{FAE04EC0-301F-11D3-BF4B-00C04F79EFBC}") = "PedidosSimple", "PedidosSimple\PedidosSimple.csproj", "{A19DC313-DADF-4A6A-BFA5-9943C3976D1C}"
EndProject
Global
	GlobalSection(SolutionConfigurationPlatforms) = preSolution
		Debug|Any CPU = Debug|Any CPU
		Release|Any CPU = Release|Any CPU
	EndGlobalSection
	GlobalSection(ProjectConfigurationPlatforms) = postSolution
		{A19DC313-DADF-4A6A-BFA5-9943C3976D1C}.Debug|Any CPU.ActiveCfg = Debug|Any CPU
		{A19DC313-DADF-4A6A-BFA5-9943C3976D1C}.Debug|Any CPU.Build.0 = Debug|Any CPU
		{A19DC313-DADF-4A6A-BFA5-9943C3976D1C}.Release|Any CPU.ActiveCfg = Release|Any CPU
		{A19DC313-DADF-4A6A-BFA5-9943C3976D1C}.Release|Any CPU.Build.0 = Release|Any CPU
	EndGlobalSection
	GlobalSection(SolutionProperties) = preSolution
		HideSolutionNode = FALSE
	EndGlobalSection
	GlobalSection(ExtensibilityGlobals) = postSolution
		SolutionGuid = {E249A68F-CDFF-4B9C-90C6-F1A3829067E5}
	EndGlobalSection
EndGlobal
